
Microsoft Visual Studio Solution File, Format Version 12.00
# Visual Studio 15
VisualStudioVersion = 15.0.27130.2020
MinimumVisualStudioVersion = 10.0.40219.1
Project("{8BC9CEB8-8B4A-11D0-8D11-00A0C91BC942}") = "RotationSolver", "RotationSolver\RotationSolver.vcxproj", "{7F848388-E140-4F74-AE95-A249B9C16D2C}"
EndProject
Project("{8BC9CEB8-8B4A-11D0-8D11-00A0C91BC942}") = "RDMModel", "RDMModel\RDMModel.vcxproj", "{FD43BB5B-214F-45EA-9E22-4E1578311E2F}"
EndProject
Project("{8BC9CEB8-8B4A-11D0-8D11-00A0C91BC942}") = "RDMModelUnitTests", "RDMModelUnitTests\RDMModelUnitTests.vcxproj", "{5076B30B-94F3-45AD-8860-E1F75C2050E4}"
EndProject
Project("{8BC9CEB8-8B4A-11D0-8D11-00A0C91BC942}") = "NEAT", "NEAT\NEAT.vcxproj", "{4134E030-905E-4092-9324-21B4D1343489}"
EndProject
Project("{8BC9CEB8-8B4A-11D0-8D11-00A0C91BC942}") = "NEATUnitTests", "NEATUnitTests\NEATUnitTests.vcxproj", "{407A0A7C-9D31-4DEB-9B4D-CCBF9F5EBC76}"
EndProject
Project("{2150E333-8FDC-42A3-9474-1A3956D46DE8}") = "Solution Items", "Solution Items", "{4840ACCC-EE0E-44F1-AD02-60D2B8838D50}"
	ProjectSection(SolutionItems) = preProject
		references.txt = references.txt
		test64.runsettings = test64.runsettings
	EndProjectSection
EndProject
Global
	GlobalSection(SolutionConfigurationPlatforms) = preSolution
		Debug|x64 = Debug|x64
		Debug|x86 = Debug|x86
		Release|x64 = Release|x64
		Release|x86 = Release|x86
	EndGlobalSection
	GlobalSection(ProjectConfigurationPlatforms) = postSolution
		{7F848388-E140-4F74-AE95-A249B9C16D2C}.Debug|x64.ActiveCfg = Debug|x64
		{7F848388-E140-4F74-AE95-A249B9C16D2C}.Debug|x64.Build.0 = Debug|x64
		{7F848388-E140-4F74-AE95-A249B9C16D2C}.Debug|x86.ActiveCfg = Debug|Win32
		{7F848388-E140-4F74-AE95-A249B9C16D2C}.Debug|x86.Build.0 = Debug|Win32
		{7F848388-E140-4F74-AE95-A249B9C16D2C}.Release|x64.ActiveCfg = Release|x64
		{7F848388-E140-4F74-AE95-A249B9C16D2C}.Release|x64.Build.0 = Release|x64
		{7F848388-E140-4F74-AE95-A249B9C16D2C}.Release|x86.ActiveCfg = Release|Win32
		{7F848388-E140-4F74-AE95-A249B9C16D2C}.Release|x86.Build.0 = Release|Win32
		{FD43BB5B-214F-45EA-9E22-4E1578311E2F}.Debug|x64.ActiveCfg = Debug|x64
		{FD43BB5B-214F-45EA-9E22-4E1578311E2F}.Debug|x64.Build.0 = Debug|x64
		{FD43BB5B-214F-45EA-9E22-4E1578311E2F}.Debug|x86.ActiveCfg = Debug|Win32
		{FD43BB5B-214F-45EA-9E22-4E1578311E2F}.Debug|x86.Build.0 = Debug|Win32
		{FD43BB5B-214F-45EA-9E22-4E1578311E2F}.Release|x64.ActiveCfg = Release|x64
		{FD43BB5B-214F-45EA-9E22-4E1578311E2F}.Release|x64.Build.0 = Release|x64
		{FD43BB5B-214F-45EA-9E22-4E1578311E2F}.Release|x86.ActiveCfg = Release|Win32
		{FD43BB5B-214F-45EA-9E22-4E1578311E2F}.Release|x86.Build.0 = Release|Win32
		{5076B30B-94F3-45AD-8860-E1F75C2050E4}.Debug|x64.ActiveCfg = Debug|x64
		{5076B30B-94F3-45AD-8860-E1F75C2050E4}.Debug|x64.Build.0 = Debug|x64
		{5076B30B-94F3-45AD-8860-E1F75C2050E4}.Debug|x86.ActiveCfg = Debug|Win32
		{5076B30B-94F3-45AD-8860-E1F75C2050E4}.Debug|x86.Build.0 = Debug|Win32
		{5076B30B-94F3-45AD-8860-E1F75C2050E4}.Release|x64.ActiveCfg = Release|x64
		{5076B30B-94F3-45AD-8860-E1F75C2050E4}.Release|x64.Build.0 = Release|x64
		{5076B30B-94F3-45AD-8860-E1F75C2050E4}.Release|x86.ActiveCfg = Release|Win32
		{5076B30B-94F3-45AD-8860-E1F75C2050E4}.Release|x86.Build.0 = Release|Win32
		{4134E030-905E-4092-9324-21B4D1343489}.Debug|x64.ActiveCfg = Debug|x64
		{4134E030-905E-4092-9324-21B4D1343489}.Debug|x64.Build.0 = Debug|x64
		{4134E030-905E-4092-9324-21B4D1343489}.Debug|x86.ActiveCfg = Debug|Win32
		{4134E030-905E-4092-9324-21B4D1343489}.Debug|x86.Build.0 = Debug|Win32
		{4134E030-905E-4092-9324-21B4D1343489}.Release|x64.ActiveCfg = Release|x64
		{4134E030-905E-4092-9324-21B4D1343489}.Release|x64.Build.0 = Release|x64
		{4134E030-905E-4092-9324-21B4D1343489}.Release|x86.ActiveCfg = Release|Win32
		{4134E030-905E-4092-9324-21B4D1343489}.Release|x86.Build.0 = Release|Win32
		{407A0A7C-9D31-4DEB-9B4D-CCBF9F5EBC76}.Debug|x64.ActiveCfg = Debug|x64
		{407A0A7C-9D31-4DEB-9B4D-CCBF9F5EBC76}.Debug|x64.Build.0 = Debug|x64
		{407A0A7C-9D31-4DEB-9B4D-CCBF9F5EBC76}.Debug|x86.ActiveCfg = Debug|Win32
		{407A0A7C-9D31-4DEB-9B4D-CCBF9F5EBC76}.Debug|x86.Build.0 = Debug|Win32
		{407A0A7C-9D31-4DEB-9B4D-CCBF9F5EBC76}.Release|x64.ActiveCfg = Release|x64
		{407A0A7C-9D31-4DEB-9B4D-CCBF9F5EBC76}.Release|x64.Build.0 = Release|x64
		{407A0A7C-9D31-4DEB-9B4D-CCBF9F5EBC76}.Release|x86.ActiveCfg = Release|Win32
		{407A0A7C-9D31-4DEB-9B4D-CCBF9F5EBC76}.Release|x86.Build.0 = Release|Win32
	EndGlobalSection
	GlobalSection(SolutionProperties) = preSolution
		HideSolutionNode = FALSE
	EndGlobalSection
	GlobalSection(ExtensibilityGlobals) = postSolution
		SolutionGuid = {B639B2E0-4C72-452C-A729-D4B1337D9740}
	EndGlobalSection
EndGlobal
